{
  "name": "bs5-lightbox",
  "version": "1.0.5",
  "lockfileVersion": 1,
  "requires": true,
  "dependencies": {
    "@popperjs/core": {
      "version": "2.10.1",
      "resolved": "https://registry.npmjs.org/@popperjs/core/-/core-2.10.1.tgz",
      "integrity": "sha512-HnUhk1Sy9IuKrxEMdIRCxpIqPw6BFsbYSEUO9p/hNw5sMld/+3OLMWQP80F8/db9qsv3qUjs7ZR5bS/R+iinXw=="
    },
    "bootstrap": {
      "version": "5.1.1",
      "resolved": "https://registry.npmjs.org/bootstrap/-/bootstrap-5.1.1.tgz",
      "integrity": "sha512-/jUa4sSuDZWlDLQ1gwQQR8uoYSvLJzDd8m5o6bPKh3asLAMYVZKdRCjb1joUd5WXf0WwCNzd2EjwQQhupou0dA=="
    }
  }
}
